
Microsoft Visual Studio Solution File, Format Version 12.00
# Visual Studio Version 16
VisualStudioVersion = 16.0.31911.196
MinimumVisualStudioVersion = 10.0.40219.1
Project("{9A19103F-16F7-4668-BE54-9A1E7A4F7556}") = "ClinicAPI", "ClinicAPI.csproj", "{6BFFB462-FA5E-45B7-AE5E-5D2AF106F5DA}"
EndProject
Global
	GlobalSection(SolutionConfigurationPlatforms) = preSolution
		Debug|Any CPU = Debug|Any CPU
		Release|Any CPU = Release|Any CPU
	EndGlobalSection
	GlobalSection(ProjectConfigurationPlatforms) = postSolution
		{6BFFB462-FA5E-45B7-AE5E-5D2AF106F5DA}.Debug|Any CPU.ActiveCfg = Debug|Any CPU
		{6BFFB462-FA5E-45B7-AE5E-5D2AF106F5DA}.Debug|Any CPU.Build.0 = Debug|Any CPU
		{6BFFB462-FA5E-45B7-AE5E-5D2AF106F5DA}.Release|Any CPU.ActiveCfg = Release|Any CPU
		{6BFFB462-FA5E-45B7-AE5E-5D2AF106F5DA}.Release|Any CPU.Build.0 = Release|Any CPU
	EndGlobalSection
	GlobalSection(SolutionProperties) = preSolution
		HideSolutionNode = FALSE
	EndGlobalSection
	GlobalSection(ExtensibilityGlobals) = postSolution
		SolutionGuid = {635354FD-1757-4225-92ED-CAA019D28692}
	EndGlobalSection
EndGlobal
