
Microsoft Visual Studio Solution File, Format Version 12.00
# Visual Studio Version 16
VisualStudioVersion = 16.0.31729.503
MinimumVisualStudioVersion = 10.0.40219.1
Project("{9A19103F-16F7-4668-BE54-9A1E7A4F7556}") = "Mang", "Mang\Mang.csproj", "{A21D82D8-EA3F-436A-A24D-BA1ACA50C69A}"
EndProject
Project("{9A19103F-16F7-4668-BE54-9A1E7A4F7556}") = "Mang1Chieu.GhepPhanTu", "Mang1Chieu.GhepPhanTu\Mang1Chieu.GhepPhanTu.csproj", "{A26E54A8-27C0-4548-9021-0776D980A88F}"
EndProject
Global
	GlobalSection(SolutionConfigurationPlatforms) = preSolution
		Debug|Any CPU = Debug|Any CPU
		Release|Any CPU = Release|Any CPU
	EndGlobalSection
	GlobalSection(ProjectConfigurationPlatforms) = postSolution
		{A21D82D8-EA3F-436A-A24D-BA1ACA50C69A}.Debug|Any CPU.ActiveCfg = Debug|Any CPU
		{A21D82D8-EA3F-436A-A24D-BA1ACA50C69A}.Debug|Any CPU.Build.0 = Debug|Any CPU
		{A21D82D8-EA3F-436A-A24D-BA1ACA50C69A}.Release|Any CPU.ActiveCfg = Release|Any CPU
		{A21D82D8-EA3F-436A-A24D-BA1ACA50C69A}.Release|Any CPU.Build.0 = Release|Any CPU
		{A26E54A8-27C0-4548-9021-0776D980A88F}.Debug|Any CPU.ActiveCfg = Debug|Any CPU
		{A26E54A8-27C0-4548-9021-0776D980A88F}.Debug|Any CPU.Build.0 = Debug|Any CPU
		{A26E54A8-27C0-4548-9021-0776D980A88F}.Release|Any CPU.ActiveCfg = Release|Any CPU
		{A26E54A8-27C0-4548-9021-0776D980A88F}.Release|Any CPU.Build.0 = Release|Any CPU
	EndGlobalSection
	GlobalSection(SolutionProperties) = preSolution
		HideSolutionNode = FALSE
	EndGlobalSection
	GlobalSection(ExtensibilityGlobals) = postSolution
		SolutionGuid = {F4058A3A-13A7-4EB8-8C98-75E03DC26BC9}
	EndGlobalSection
EndGlobal
